
Microsoft Visual Studio Solution File, Format Version 12.00
# Visual Studio Version 17
VisualStudioVersion = 17.9.34622.214
MinimumVisualStudioVersion = 10.0.40219.1
Project("{FAE04EC0-301F-11D3-BF4B-00C04F79EFBC}") = "DataStructures - Task Solver", "DataStructures - Task Solver\DataStructures - Task Solver.csproj", "{3BFB2123-D15B-4D40-996A-AEF53221FFE6}"
EndProject
Global
	GlobalSection(SolutionConfigurationPlatforms) = preSolution
		Debug|Any CPU = Debug|Any CPU
		Release|Any CPU = Release|Any CPU
	EndGlobalSection
	GlobalSection(ProjectConfigurationPlatforms) = postSolution
		{3BFB2123-D15B-4D40-996A-AEF53221FFE6}.Debug|Any CPU.ActiveCfg = Debug|Any CPU
		{3BFB2123-D15B-4D40-996A-AEF53221FFE6}.Debug|Any CPU.Build.0 = Debug|Any CPU
		{3BFB2123-D15B-4D40-996A-AEF53221FFE6}.Release|Any CPU.ActiveCfg = Release|Any CPU
		{3BFB2123-D15B-4D40-996A-AEF53221FFE6}.Release|Any CPU.Build.0 = Release|Any CPU
	EndGlobalSection
	GlobalSection(SolutionProperties) = preSolution
		HideSolutionNode = FALSE
	EndGlobalSection
	GlobalSection(ExtensibilityGlobals) = postSolution
		SolutionGuid = {310D9B40-D9BA-4DBB-8D68-7556170A9422}
	EndGlobalSection
EndGlobal
